// !$*UTF8*$!
{
	archiveVersion = 1;
	classes = {
	};
	objectVersion = 46;
	objects = {

/* Begin PBXBuildFile section */
		380D7CF51D65B6020019FBF0 /* AppDelegate.m in Sources */ = {isa = PBXBuildFile; fileRef = 380D7CF41D65B6020019FBF0 /* AppDelegate.m */; };
		380D7CF81D65B6020019FBF0 /* main.m in Sources */ = {isa = PBXBuildFile; fileRef = 380D7CF71D65B6020019FBF0 /* main.m */; };
		380D7CFB1D65B6020019FBF0 /* Document.m in Sources */ = {isa = PBXBuildFile; fileRef = 380D7CFA1D65B6020019FBF0 /* Document.m */; };
		380D7CFE1D65B6020019FBF0 /* Document.xib in Resources */ = {isa = PBXBuildFile; fileRef = 380D7CFC1D65B6020019FBF0 /* Document.xib */; };
		380D7D001D65B6020019FBF0 /* Assets.xcassets in Resources */ = {isa = PBXBuildFile; fileRef = 380D7CFF1D65B6020019FBF0 /* Assets.xcassets */; };
		380D7D031D65B6020019FBF0 /* MainMenu.xib in Resources */ = {isa = PBXBuildFile; fileRef = 380D7D011D65B6020019FBF0 /* MainMenu.xib */; };
		380D7D0E1D65B6020019FBF0 /* Dictionary_MakerTests.m in Sources */ = {isa = PBXBuildFile; fileRef = 380D7D0D1D65B6020019FBF0 /* Dictionary_MakerTests.m */; };
		380D7D191D65B6020019FBF0 /* Dictionary_MakerUITests.m in Sources */ = {isa = PBXBuildFile; fileRef = 380D7D181D65B6020019FBF0 /* Dictionary_MakerUITests.m */; };
		3841CE301D6912C8003BC4C0 /* DMParser.m in Sources */ = {isa = PBXBuildFile; fileRef = 3841CE2F1D6912C8003BC4C0 /* DMParser.m */; };
/* End PBXBuildFile section */

/* Begin PBXContainerItemProxy section */
		380D7D0A1D65B6020019FBF0 /* PBXContainerItemProxy */ = {
			isa = PBXContainerItemProxy;
			containerPortal = 380D7CE81D65B6020019FBF0 /* Project object */;
			proxyType = 1;
			remoteGlobalIDString = 380D7CEF1D65B6020019FBF0;
			remoteInfo = "Dictionary Maker";
		};
		380D7D151D65B6020019FBF0 /* PBXContainerItemProxy */ = {
			isa = PBXContainerItemProxy;
			containerPortal = 380D7CE81D65B6020019FBF0 /* Project object */;
			proxyType = 1;
			remoteGlobalIDString = 380D7CEF1D65B6020019FBF0;
			remoteInfo = "Dictionary Maker";
		};
/* End PBXContainerItemProxy section */

/* Begin PBXFileReference section */
		380D7CF01D65B6020019FBF0 /* Dictionary Maker.app */ = {isa = PBXFileReference; explicitFileType = wrapper.application; includeInIndex = 0; path = "Dictionary Maker.app"; sourceTree = BUILT_PRODUCTS_DIR; };
		380D7CF31D65B6020019FBF0 /* AppDelegate.h */ = {isa = PBXFileReference; lastKnownFileType = sourcecode.c.h; path = AppDelegate.h; sourceTree = "<group>"; };
		380D7CF41D65B6020019FBF0 /* AppDelegate.m */ = {isa = PBXFileReference; lastKnownFileType = sourcecode.c.objc; path = AppDelegate.m; sourceTree = "<group>"; };
		380D7CF71D65B6020019FBF0 /* main.m */ = {isa = PBXFileReference; lastKnownFileType = sourcecode.c.objc; path = main.m; sourceTree = "<group>"; };
		380D7CF91D65B6020019FBF0 /* Document.h */ = {isa = PBXFileReference; lastKnownFileType = sourcecode.c.h; path = Document.h; sourceTree = "<group>"; };
		380D7CFA1D65B6020019FBF0 /* Document.m */ = {isa = PBXFileReference; lastKnownFileType = sourcecode.c.objc; path = Document.m; sourceTree = "<group>"; };
		380D7CFD1D65B6020019FBF0 /* Base */ = {isa = PBXFileReference; lastKnownFileType = file.xib; name = Base; path = Base.lproj/Document.xib; sourceTree = "<group>"; };
		380D7CFF1D65B6020019FBF0 /* Assets.xcassets */ = {isa = PBXFileReference; lastKnownFileType = folder.assetcatalog; path = Assets.xcassets; sourceTree = "<group>"; };
		380D7D021D65B6020019FBF0 /* Base */ = {isa = PBXFileReference; lastKnownFileType = file.xib; name = Base; path = Base.lproj/MainMenu.xib; sourceTree = "<group>"; };
		380D7D041D65B6020019FBF0 /* Info.plist */ = {isa = PBXFileReference; lastKnownFileType = text.plist.xml; path = Info.plist; sourceTree = "<group>"; };
		380D7D091D65B6020019FBF0 /* Dictionary MakerTests.xctest */ = {isa = PBXFileReference; explicitFileType = wrapper.cfbundle; includeInIndex = 0; path = "Dictionary MakerTests.xctest"; sourceTree = BUILT_PRODUCTS_DIR; };
		380D7D0D1D65B6020019FBF0 /* Dictionary_MakerTests.m */ = {isa = PBXFileReference; lastKnownFileType = sourcecode.c.objc; path = Dictionary_MakerTests.m; sourceTree = "<group>"; };
		380D7D0F1D65B6020019FBF0 /* Info.plist */ = {isa = PBXFileReference; lastKnownFileType = text.plist.xml; path = Info.plist; sourceTree = "<group>"; };
		380D7D141D65B6020019FBF0 /* Dictionary MakerUITests.xctest */ = {isa = PBXFileReference; explicitFileType = wrapper.cfbundle; includeInIndex = 0; path = "Dictionary MakerUITests.xctest"; sourceTree = BUILT_PRODUCTS_DIR; };
		380D7D181D65B6020019FBF0 /* Dictionary_MakerUITests.m */ = {isa = PBXFileReference; lastKnownFileType = sourcecode.c.objc; path = Dictionary_MakerUITests.m; sourceTree = "<group>"; };
		380D7D1A1D65B6020019FBF0 /* Info.plist */ = {isa = PBXFileReference; lastKnownFileType = text.plist.xml; path = Info.plist; sourceTree = "<group>"; };
		3841CE2E1D6912C8003BC4C0 /* DMParser.h */ = {isa = PBXFileReference; fileEncoding = 4; lastKnownFileType = sourcecode.c.h; path = DMParser.h; sourceTree = "<group>"; };
		3841CE2F1D6912C8003BC4C0 /* DMParser.m */ = {isa = PBXFileReference; fileEncoding = 4; lastKnownFileType = sourcecode.c.objc; path = DMParser.m; sourceTree = "<group>"; };
/* End PBXFileReference section */

/* Begin PBXFrameworksBuildPhase section */
		380D7CED1D65B6020019FBF0 /* Frameworks */ = {
			isa = PBXFrameworksBuildPhase;
			buildActionMask = 2147483647;
			files = (
			);
			runOnlyForDeploymentPostprocessing = 0;
		};
		380D7D061D65B6020019FBF0 /* Frameworks */ = {
			isa = PBXFrameworksBuildPhase;
			buildActionMask = 2147483647;
			files = (
			);
			runOnlyForDeploymentPostprocessing = 0;
		};
		380D7D111D65B6020019FBF0 /* Frameworks */ = {
			isa = PBXFrameworksBuildPhase;
			buildActionMask = 2147483647;
			files = (
			);
			runOnlyForDeploymentPostprocessing = 0;
		};
/* End PBXFrameworksBuildPhase section */

/* Begin PBXGroup section */
		380D7CE71D65B6020019FBF0 = {
			isa = PBXGroup;
			children = (
				380D7CF21D65B6020019FBF0 /* Dictionary Maker */,
				380D7D0C1D65B6020019FBF0 /* Dictionary MakerTests */,
				380D7D171D65B6020019FBF0 /* Dictionary MakerUITests */,
				380D7CF11D65B6020019FBF0 /* Products */,
			);
			sourceTree = "<group>";
		};
		380D7CF11D65B6020019FBF0 /* Products */ = {
			isa = PBXGroup;
			children = (
				380D7CF01D65B6020019FBF0 /* Dictionary Maker.app */,
				380D7D091D65B6020019FBF0 /* Dictionary MakerTests.xctest */,
				380D7D141D65B6020019FBF0 /* Dictionary MakerUITests.xctest */,
			);
			name = Products;
			sourceTree = "<group>";
		};
		380D7CF21D65B6020019FBF0 /* Dictionary Maker */ = {
			isa = PBXGroup;
			children = (
				380D7CF31D65B6020019FBF0 /* AppDelegate.h */,
				380D7CF41D65B6020019FBF0 /* AppDelegate.m */,
				3841CE2E1D6912C8003BC4C0 /* DMParser.h */,
				3841CE2F1D6912C8003BC4C0 /* DMParser.m */,
				380D7CF91D65B6020019FBF0 /* Document.h */,
				380D7CFA1D65B6020019FBF0 /* Document.m */,
				380D7CFC1D65B6020019FBF0 /* Document.xib */,
				380D7CFF1D65B6020019FBF0 /* Assets.xcassets */,
				380D7D011D65B6020019FBF0 /* MainMenu.xib */,
				380D7D041D65B6020019FBF0 /* Info.plist */,
				380D7CF61D65B6020019FBF0 /* Supporting Files */,
			);
			path = "Dictionary Maker";
			sourceTree = "<group>";
		};
		380D7CF61D65B6020019FBF0 /* Supporting Files */ = {
			isa = PBXGroup;
			children = (
				380D7CF71D65B6020019FBF0 /* main.m */,
			);
			name = "Supporting Files";
			sourceTree = "<group>";
		};
		380D7D0C1D65B6020019FBF0 /* Dictionary MakerTests */ = {
			isa = PBXGroup;
			children = (
				380D7D0D1D65B6020019FBF0 /* Dictionary_MakerTests.m */,
				380D7D0F1D65B6020019FBF0 /* Info.plist */,
			);
			path = "Dictionary MakerTests";
			sourceTree = "<group>";
		};
		380D7D171D65B6020019FBF0 /* Dictionary MakerUITests */ = {
			isa = PBXGroup;
			children = (
				380D7D181D65B6020019FBF0 /* Dictionary_MakerUITests.m */,
				380D7D1A1D65B6020019FBF0 /* Info.plist */,
			);
			path = "Dictionary MakerUITests";
			sourceTree = "<group>";
		};
/* End PBXGroup section */

/* Begin PBXNativeTarget section */
		380D7CEF1D65B6020019FBF0 /* Dictionary Maker */ = {
			isa = PBXNativeTarget;
			buildConfigurationList = 380D7D1D1D65B6020019FBF0 /* Build configuration list for PBXNativeTarget "Dictionary Maker" */;
			buildPhases = (
				380D7CEC1D65B6020019FBF0 /* Sources */,
				380D7CED1D65B6020019FBF0 /* Frameworks */,
				380D7CEE1D65B6020019FBF0 /* Resources */,
			);
			buildRules = (
			);
			dependencies = (
			);
			name = "Dictionary Maker";
			productName = "Dictionary Maker";
			productReference = 380D7CF01D65B6020019FBF0 /* Dictionary Maker.app */;
			productType = "com.apple.product-type.application";
		};
		380D7D081D65B6020019FBF0 /* Dictionary MakerTests */ = {
			isa = PBXNativeTarget;
			buildConfigurationList = 380D7D201D65B6020019FBF0 /* Build configuration list for PBXNativeTarget "Dictionary MakerTests" */;
			buildPhases = (
				380D7D051D65B6020019FBF0 /* Sources */,
				380D7D061D65B6020019FBF0 /* Frameworks */,
				380D7D071D65B6020019FBF0 /* Resources */,
			);
			buildRules = (
			);
			dependencies = (
				380D7D0B1D65B6020019FBF0 /* PBXTargetDependency */,
			);
			name = "Dictionary MakerTests";
			productName = "Dictionary MakerTests";
			productReference = 380D7D091D65B6020019FBF0 /* Dictionary MakerTests.xctest */;
			productType = "com.apple.product-type.bundle.unit-test";
		};
		380D7D131D65B6020019FBF0 /* Dictionary MakerUITests */ = {
			isa = PBXNativeTarget;
			buildConfigurationList = 380D7D231D65B6020019FBF0 /* Build configuration list for PBXNativeTarget "Dictionary MakerUITests" */;
			buildPhases = (
				380D7D101D65B6020019FBF0 /* Sources */,
				380D7D111D65B6020019FBF0 /* Frameworks */,
				380D7D121D65B6020019FBF0 /* Resources */,
			);
			buildRules = (
			);
			dependencies = (
				380D7D161D65B6020019FBF0 /* PBXTargetDependency */,
			);
			name = "Dictionary MakerUITests";
			productName = "Dictionary MakerUITests";
			productReference = 380D7D141D65B6020019FBF0 /* Dictionary MakerUITests.xctest */;
			productType = "com.apple.product-type.bundle.ui-testing";
		};
/* End PBXNativeTarget section */

/* Begin PBXProject section */
		380D7CE81D65B6020019FBF0 /* Project object */ = {
			isa = PBXProject;
			attributes = {
				CLASSPREFIX = DM;
				LastUpgradeCheck = 0730;
				TargetAttributes = {
					380D7CEF1D65B6020019FBF0 = {
						CreatedOnToolsVersion = 7.3;
					};
					380D7D081D65B6020019FBF0 = {
						CreatedOnToolsVersion = 7.3;
						TestTargetID = 380D7CEF1D65B6020019FBF0;
					};
					380D7D131D65B6020019FBF0 = {
						CreatedOnToolsVersion = 7.3;
						TestTargetID = 380D7CEF1D65B6020019FBF0;
					};
				};
			};
			buildConfigurationList = 380D7CEB1D65B6020019FBF0 /* Build configuration list for PBXProject "Dictionary Maker" */;
			compatibilityVersion = "Xcode 3.2";
			developmentRegion = English;
			hasScannedForEncodings = 0;
			knownRegions = (
				en,
				Base,
			);
			mainGroup = 380D7CE71D65B6020019FBF0;
			productRefGroup = 380D7CF11D65B6020019FBF0 /* Products */;
			projectDirPath = "";
			projectRoot = "";
			targets = (
				380D7CEF1D65B6020019FBF0 /* Dictionary Maker */,
				380D7D081D65B6020019FBF0 /* Dictionary MakerTests */,
				380D7D131D65B6020019FBF0 /* Dictionary MakerUITests */,
			);
		};
/* End PBXProject section */

/* Begin PBXResourcesBuildPhase section */
		380D7CEE1D65B6020019FBF0 /* Resources */ = {
			isa = PBXResourcesBuildPhase;
			buildActionMask = 2147483647;
			files = (
				380D7D001D65B6020019FBF0 /* Assets.xcassets in Resources */,
				380D7CFE1D65B6020019FBF0 /* Document.xib in Resources */,
				380D7D031D65B6020019FBF0 /* MainMenu.xib in Resources */,
			);
			runOnlyForDeploymentPostprocessing = 0;
		};
		380D7D071D65B6020019FBF0 /* Resources */ = {
			isa = PBXResourcesBuildPhase;
			buildActionMask = 2147483647;
			files = (
			);
			runOnlyForDeploymentPostprocessing = 0;
		};
		380D7D121D65B6020019FBF0 /* Resources */ = {
			isa = PBXResourcesBuildPhase;
			buildActionMask = 2147483647;
			files = (
			);
			runOnlyForDeploymentPostprocessing = 0;
		};
/* End PBXResourcesBuildPhase section */

/* Begin PBXSourcesBuildPhase section */
		380D7CEC1D65B6020019FBF0 /* Sources */ = {
			isa = PBXSourcesBuildPhase;
			buildActionMask = 2147483647;
			files = (
				380D7CFB1D65B6020019FBF0 /* Document.m in Sources */,
				380D7CF81D65B6020019FBF0 /* main.m in Sources */,
				380D7CF51D65B6020019FBF0 /* AppDelegate.m in Sources */,
				3841CE301D6912C8003BC4C0 /* DMParser.m in Sources */,
			);
			runOnlyForDeploymentPostprocessing = 0;
		};
		380D7D051D65B6020019FBF0 /* Sources */ = {
			isa = PBXSourcesBuildPhase;
			buildActionMask = 2147483647;
			files = (
				380D7D0E1D65B6020019FBF0 /* Dictionary_MakerTests.m in Sources */,
			);
			runOnlyForDeploymentPostprocessing = 0;
		};
		380D7D101D65B6020019FBF0 /* Sources */ = {
			isa = PBXSourcesBuildPhase;
			buildActionMask = 2147483647;
			files = (
				380D7D191D65B6020019FBF0 /* Dictionary_MakerUITests.m in Sources */,
			);
			runOnlyForDeploymentPostprocessing = 0;
		};
/* End PBXSourcesBuildPhase section */

/* Begin PBXTargetDependency section */
		380D7D0B1D65B6020019FBF0 /* PBXTargetDependency */ = {
			isa = PBXTargetDependency;
			target = 380D7CEF1D65B6020019FBF0 /* Dictionary Maker */;
			targetProxy = 380D7D0A1D65B6020019FBF0 /* PBXContainerItemProxy */;
		};
		380D7D161D65B6020019FBF0 /* PBXTargetDependency */ = {
			isa = PBXTargetDependency;
			target = 380D7CEF1D65B6020019FBF0 /* Dictionary Maker */;
			targetProxy = 380D7D151D65B6020019FBF0 /* PBXContainerItemProxy */;
		};
/* End PBXTargetDependency section */

/* Begin PBXVariantGroup section */
		380D7CFC1D65B6020019FBF0 /* Document.xib */ = {
			isa = PBXVariantGroup;
			children = (
				380D7CFD1D65B6020019FBF0 /* Base */,
			);
			name = Document.xib;
			sourceTree = "<group>";
		};
		380D7D011D65B6020019FBF0 /* MainMenu.xib */ = {
			isa = PBXVariantGroup;
			children = (
				380D7D021D65B6020019FBF0 /* Base */,
			);
			name = MainMenu.xib;
			sourceTree = "<group>";
		};
/* End PBXVariantGroup section */

/* Begin XCBuildConfiguration section */
		380D7D1B1D65B6020019FBF0 /* Debug */ = {
			isa = XCBuildConfiguration;
			buildSettings = {
				ALWAYS_SEARCH_USER_PATHS = NO;
				CLANG_ANALYZER_NONNULL = YES;
				CLANG_CXX_LANGUAGE_STANDARD = "gnu++0x";
				CLANG_CXX_LIBRARY = "libc++";
				CLANG_ENABLE_MODULES = YES;
				CLANG_ENABLE_OBJC_ARC = YES;
				CLANG_WARN_BOOL_CONVERSION = YES;
				CLANG_WARN_CONSTANT_CONVERSION = YES;
				CLANG_WARN_DIRECT_OBJC_ISA_USAGE = YES_ERROR;
				CLANG_WARN_EMPTY_BODY = YES;
				CLANG_WARN_ENUM_CONVERSION = YES;
				CLANG_WARN_INT_CONVERSION = YES;
				CLANG_WARN_OBJC_ROOT_CLASS = YES_ERROR;
				CLANG_WARN_UNREACHABLE_CODE = YES;
				CLANG_WARN__DUPLICATE_METHOD_MATCH = YES;
				CODE_SIGN_IDENTITY = "-";
				COPY_PHASE_STRIP = NO;
				DEBUG_INFORMATION_FORMAT = dwarf;
				ENABLE_STRICT_OBJC_MSGSEND = YES;
				ENABLE_TESTABILITY = YES;
				GCC_C_LANGUAGE_STANDARD = gnu99;
				GCC_DYNAMIC_NO_PIC = NO;
				GCC_NO_COMMON_BLOCKS = YES;
				GCC_OPTIMIZATION_LEVEL = 0;
				GCC_PREPROCESSOR_DEFINITIONS = (
					"DEBUG=1",
					"$(inherited)",
				);
				GCC_WARN_64_TO_32_BIT_CONVERSION = YES;
				GCC_WARN_ABOUT_RETURN_TYPE = YES_ERROR;
				GCC_WARN_UNDECLARED_SELECTOR = YES;
				GCC_WARN_UNINITIALIZED_AUTOS = YES_AGGRESSIVE;
				GCC_WARN_UNUSED_FUNCTION = YES;
				GCC_WARN_UNUSED_VARIABLE = YES;
				MACOSX_DEPLOYMENT_TARGET = 10.11;
				MTL_ENABLE_DEBUG_INFO = YES;
				ONLY_ACTIVE_ARCH = YES;
				SDKROOT = macosx;
			};
			name = Debug;
		};
		380D7D1C1D65B6020019FBF0 /* Release */ = {
			isa = XCBuildConfiguration;
			buildSettings = {
				ALWAYS_SEARCH_USER_PATHS = NO;
				CLANG_ANALYZER_NONNULL = YES;
				CLANG_CXX_LANGUAGE_STANDARD = "gnu++0x";
				CLANG_CXX_LIBRARY = "libc++";
				CLANG_ENABLE_MODULES = YES;
				CLANG_ENABLE_OBJC_ARC = YES;
				CLANG_WARN_BOOL_CONVERSION = YES;
				CLANG_WARN_CONSTANT_CONVERSION = YES;
				CLANG_WARN_DIRECT_OBJC_ISA_USAGE = YES_ERROR;
				CLANG_WARN_EMPTY_BODY = YES;
				CLANG_WARN_ENUM_CONVERSION = YES;
				CLANG_WARN_INT_CONVERSION = YES;
				CLANG_WARN_OBJC_ROOT_CLASS = YES_ERROR;
				CLANG_WARN_UNREACHABLE_CODE = YES;
				CLANG_WARN__DUPLICATE_METHOD_MATCH = YES;
				CODE_SIGN_IDENTITY = "-";
				COPY_PHASE_STRIP = NO;
				DEBUG_INFORMATION_FORMAT = "dwarf-with-dsym";
				ENABLE_NS_ASSERTIONS = NO;
				ENABLE_STRICT_OBJC_MSGSEND = YES;
				GCC_C_LANGUAGE_STANDARD = gnu99;
				GCC_NO_COMMON_BLOCKS = YES;
				GCC_WARN_64_TO_32_BIT_CONVERSION = YES;
				GCC_WARN_ABOUT_RETURN_TYPE = YES_ERROR;
				GCC_WARN_UNDECLARED_SELECTOR = YES;
				GCC_WARN_UNINITIALIZED_AUTOS = YES_AGGRESSIVE;
				GCC_WARN_UNUSED_FUNCTION = YES;
				GCC_WARN_UNUSED_VARIABLE = YES;
				MACOSX_DEPLOYMENT_TARGET = 10.11;
				MTL_ENABLE_DEBUG_INFO = NO;
				SDKROOT = macosx;
			};
			name = Release;
		};
		380D7D1E1D65B6020019FBF0 /* Debug */ = {
			isa = XCBuildConfiguration;
			buildSettings = {
				ASSETCATALOG_COMPILER_APPICON_NAME = AppIcon;
				COMBINE_HIDPI_IMAGES = YES;
				INFOPLIST_FILE = "Dictionary Maker/Info.plist";
				LD_RUNPATH_SEARCH_PATHS = "$(inherited) @executable_path/../Frameworks";
				PRODUCT_BUNDLE_IDENTIFIER = "com..Dictionary-Maker";
				PRODUCT_NAME = "$(TARGET_NAME)";
			};
			name = Debug;
		};
		380D7D1F1D65B6020019FBF0 /* Release */ = {
			isa = XCBuildConfiguration;
			buildSettings = {
				ASSETCATALOG_COMPILER_APPICON_NAME = AppIcon;
				COMBINE_HIDPI_IMAGES = YES;
				INFOPLIST_FILE = "Dictionary Maker/Info.plist";
				LD_RUNPATH_SEARCH_PATHS = "$(inherited) @executable_path/../Frameworks";
				PRODUCT_BUNDLE_IDENTIFIER = "com..Dictionary-Maker";
				PRODUCT_NAME = "$(TARGET_NAME)";
			};
			name = Release;
		};
		380D7D211D65B6020019FBF0 /* Debug */ = {
			isa = XCBuildConfiguration;
			buildSettings = {
				BUNDLE_LOADER = "$(TEST_HOST)";
				COMBINE_HIDPI_IMAGES = YES;
				INFOPLIST_FILE = "Dictionary MakerTests/Info.plist";
				LD_RUNPATH_SEARCH_PATHS = "$(inherited) @executable_path/../Frameworks @loader_path/../Frameworks";
				PRODUCT_BUNDLE_IDENTIFIER = "com..Dictionary-MakerTests";
				PRODUCT_NAME = "$(TARGET_NAME)";
				TEST_HOST = "$(BUILT_PRODUCTS_DIR)/Dictionary Maker.app/Contents/MacOS/Dictionary Maker";
			};
			name = Debug;
		};
		380D7D221D65B6020019FBF0 /* Release */ = {
			isa = XCBuildConfiguration;
			buildSettings = {
				BUNDLE_LOADER = "$(TEST_HOST)";
				COMBINE_HIDPI_IMAGES = YES;
				INFOPLIST_FILE = "Dictionary MakerTests/Info.plist";
				LD_RUNPATH_SEARCH_PATHS = "$(inherited) @executable_path/../Frameworks @loader_path/../Frameworks";
				PRODUCT_BUNDLE_IDENTIFIER = "com..Dictionary-MakerTests";
				PRODUCT_NAME = "$(TARGET_NAME)";
				TEST_HOST = "$(BUILT_PRODUCTS_DIR)/Dictionary Maker.app/Contents/MacOS/Dictionary Maker";
			};
			name = Release;
		};
		380D7D241D65B6020019FBF0 /* Debug */ = {
			isa = XCBuildConfiguration;
			buildSettings = {
				COMBINE_HIDPI_IMAGES = YES;
				INFOPLIST_FILE = "Dictionary MakerUITests/Info.plist";
				LD_RUNPATH_SEARCH_PATHS = "$(inherited) @executable_path/../Frameworks @loader_path/../Frameworks";
				PRODUCT_BUNDLE_IDENTIFIER = "com..Dictionary-MakerUITests";
				PRODUCT_NAME = "$(TARGET_NAME)";
				TEST_TARGET_NAME = "Dictionary Maker";
			};
			name = Debug;
		};
		380D7D251D65B6020019FBF0 /* Release */ = {
			isa = XCBuildConfiguration;
			buildSettings = {
				COMBINE_HIDPI_IMAGES = YES;
				INFOPLIST_FILE = "Dictionary MakerUITests/Info.plist";
				LD_RUNPATH_SEARCH_PATHS = "$(inherited) @executable_path/../Frameworks @loader_path/../Frameworks";
				PRODUCT_BUNDLE_IDENTIFIER = "com..Dictionary-MakerUITests";
				PRODUCT_NAME = "$(TARGET_NAME)";
				TEST_TARGET_NAME = "Dictionary Maker";
			};
			name = Release;
		};
/* End XCBuildConfiguration section */

/* Begin XCConfigurationList section */
		380D7CEB1D65B6020019FBF0 /* Build configuration list for PBXProject "Dictionary Maker" */ = {
			isa = XCConfigurationList;
			buildConfigurations = (
				380D7D1B1D65B6020019FBF0 /* Debug */,
				380D7D1C1D65B6020019FBF0 /* Release */,
			);
			defaultConfigurationIsVisible = 0;
			defaultConfigurationName = Release;
		};
		380D7D1D1D65B6020019FBF0 /* Build configuration list for PBXNativeTarget "Dictionary Maker" */ = {
			isa = XCConfigurationList;
			buildConfigurations = (
				380D7D1E1D65B6020019FBF0 /* Debug */,
				380D7D1F1D65B6020019FBF0 /* Release */,
			);
			defaultConfigurationIsVisible = 0;
			defaultConfigurationName = Release;
		};
		380D7D201D65B6020019FBF0 /* Build configuration list for PBXNativeTarget "Dictionary MakerTests" */ = {
			isa = XCConfigurationList;
			buildConfigurations = (
				380D7D211D65B6020019FBF0 /* Debug */,
				380D7D221D65B6020019FBF0 /* Release */,
			);
			defaultConfigurationIsVisible = 0;
			defaultConfigurationName = Release;
		};
		380D7D231D65B6020019FBF0 /* Build configuration list for PBXNativeTarget "Dictionary MakerUITests" */ = {
			isa = XCConfigurationList;
			buildConfigurations = (
				380D7D241D65B6020019FBF0 /* Debug */,
				380D7D251D65B6020019FBF0 /* Release */,
			);
			defaultConfigurationIsVisible = 0;
			defaultConfigurationName = Release;
		};
/* End XCConfigurationList section */
	};
	rootObject = 380D7CE81D65B6020019FBF0 /* Project object */;
}
